
Microsoft Visual Studio Solution File, Format Version 12.00
# Visual Studio Version 16
VisualStudioVersion = 16.0.30711.63
MinimumVisualStudioVersion = 10.0.40219.1
Project("{00D1A9C2-B5F0-4AF3-8072-F6C62B433612}") = "Databas_projekt", "Databas_projekt\Databas_projekt.sqlproj", "{18956F36-B924-4FC6-83DE-40848D8B35ED}"
EndProject
Global
	GlobalSection(SolutionConfigurationPlatforms) = preSolution
		Debug|Any CPU = Debug|Any CPU
		Release|Any CPU = Release|Any CPU
	EndGlobalSection
	GlobalSection(ProjectConfigurationPlatforms) = postSolution
		{18956F36-B924-4FC6-83DE-40848D8B35ED}.Debug|Any CPU.ActiveCfg = Debug|Any CPU
		{18956F36-B924-4FC6-83DE-40848D8B35ED}.Debug|Any CPU.Build.0 = Debug|Any CPU
		{18956F36-B924-4FC6-83DE-40848D8B35ED}.Debug|Any CPU.Deploy.0 = Debug|Any CPU
		{18956F36-B924-4FC6-83DE-40848D8B35ED}.Release|Any CPU.ActiveCfg = Release|Any CPU
		{18956F36-B924-4FC6-83DE-40848D8B35ED}.Release|Any CPU.Build.0 = Release|Any CPU
		{18956F36-B924-4FC6-83DE-40848D8B35ED}.Release|Any CPU.Deploy.0 = Release|Any CPU
	EndGlobalSection
	GlobalSection(SolutionProperties) = preSolution
		HideSolutionNode = FALSE
	EndGlobalSection
	GlobalSection(ExtensibilityGlobals) = postSolution
		SolutionGuid = {D47399CE-E903-4526-9066-11880780A2E5}
	EndGlobalSection
EndGlobal
